name: ocx
channels:
  - conda-forge
  - defaults
dependencies:
  - alabaster=0.7.12=py_0
  - altgraph=0.17.3=pyhd8ed1ab_0
  - appdirs=1.4.4=pyh9f0ad1d_0
  - ascii-art=5.8=pyhd8ed1ab_0
  - attrs=22.2.0=pyh71513ae_0
  - autoflake=1.7.5=pyhd8ed1ab_0
  - babel=2.11.0=pyhd8ed1ab_0
  - bandit=1.7.4=py310h5588dad_2
  - black=22.10.0=py310h5588dad_2
  - brotlipy=0.7.0=py310h8d17308_1005
  - bump2version=1.0.1=pyh9f0ad1d_0
  - bzip2=1.0.8=h8ffe710_4
  - ca-certificates=2022.12.7=h5b45459_0
  - cachecontrol=0.12.11=pyhd8ed1ab_0
  - cachy=0.3.0=pyhd8ed1ab_1
  - certifi=2022.12.7=pyhd8ed1ab_0
  - cffi=1.15.1=py310h628cb3f_3
  - cfgv=3.3.1=pyhd8ed1ab_0
  - charset-normalizer=2.1.1=pyhd8ed1ab_0
  - click=8.1.3=win_pyhd8ed1ab_2
  - click-default-group=1.2.2=pyhd8ed1ab_1
  - clikit=0.6.2=pyh9f0ad1d_0
  - colorama=0.4.6=pyhd8ed1ab_0
  - colorlog=6.7.0=py310h5588dad_1
  - commonmark=0.9.1=py_0
  - conda-lock=1.3.0=pyhd8ed1ab_0
  - coverage=7.0.5=py310h8d17308_0
  - crashtest=0.3.1=pyhd8ed1ab_0
  - cryptography=39.0.0=py310h6e82f81_0
  - cyclonedx-bom=3.10.1=pyhd8ed1ab_0
  - cyclonedx-python-lib=3.1.1=pyhd8ed1ab_0
  - dataclasses=0.8=pyhc8e2a94_3
  - decorator=5.1.1=pyhd8ed1ab_0
  - distlib=0.3.6=pyhd8ed1ab_0
  - docutils=0.19=py310h5588dad_1
  - ensureconda=1.4.3=pyhd8ed1ab_0
  - exceptiongroup=1.1.0=pyhd8ed1ab_0
  - filelock=3.9.0=pyhd8ed1ab_0
  - flake8=6.0.0=pyhd8ed1ab_0
  - future=0.18.2=pyhd8ed1ab_6
  - fuzzywuzzy=0.18.0=pyhd8ed1ab_0
  - gitdb=4.0.10=pyhd8ed1ab_0
  - gitpython=3.1.30=pyhd8ed1ab_0
  - html5lib=1.1=pyh9f0ad1d_0
  - identify=2.5.12=pyhd8ed1ab_0
  - idna=3.4=pyhd8ed1ab_0
  - imagesize=1.4.1=pyhd8ed1ab_0
  - importlib-metadata=6.0.0=pyha770c72_0
  - importlib_metadata=6.0.0=hd8ed1ab_0
  - iniconfig=1.1.1=pyh9f0ad1d_0
  - intel-openmp=2023.0.0=h57928b3_25922
  - isort=5.11.4=pyhd8ed1ab_0
  - jake=3.0.0=pyhd8ed1ab_0
  - jaraco.classes=3.2.3=pyhd8ed1ab_0
  - jinja2=3.1.2=pyhd8ed1ab_1
  - keyring=23.13.1=py310h5588dad_0
  - levenshtein=0.20.8=py310h00ffb61_2
  - libblas=3.9.0=16_win64_mkl
  - libcblas=3.9.0=16_win64_mkl
  - libffi=3.4.2=h8ffe710_5
  - libhwloc=2.8.0=h039e092_1
  - libiconv=1.17=h8ffe710_0
  - liblapack=3.9.0=16_win64_mkl
  - libsqlite=3.40.0=hcfcfb64_0
  - libxml2=2.10.3=hc3477c8_0
  - libxslt=1.1.37=h0192164_0
  - libzlib=1.2.13=hcfcfb64_4
  - lxml=4.9.2=py310hc0e5b84_0
  - m2-bash=4.3.042=5
  - m2-gawk=4.1.3=2
  - m2-gcc-libs=5.3.0=4
  - m2-gmp=6.1.0=3
  - m2-grep=2.22=4
  - m2-libiconv=1.14=3
  - m2-libintl=0.19.7=4
  - m2-libpcre=8.38=2
  - m2-libreadline=6.3.008=8
  - m2-mpfr=3.1.4=2
  - m2-msys2-runtime=2.5.0.17080.65c939c=3
  - m2-ncurses=6.0.20160220=2
  - m2w64-make=4.1.2351.a80a8b8=2
  - macholib=1.16.2=pyhd8ed1ab_0
  - markupsafe=2.1.1=py310h8d17308_2
  - mccabe=0.7.0=pyhd8ed1ab_0
  - mkl=2022.1.0=h6a75c08_874
  - more-itertools=9.0.0=pyhd8ed1ab_0
  - msgpack-python=1.0.4=py310h232114e_1
  - msys2-conda-epoch=20160418=1
  - mypy_extensions=0.4.3=py310h5588dad_6
  - nodeenv=1.7.0=pyhd8ed1ab_0
  - numpy=1.24.1=py310h4a8f9c9_0
  - openssl=3.0.7=hcfcfb64_1
  - ossindex-lib=1.1.1=pyhd8ed1ab_0
  - packageurl-python=0.9.9=pyhd8ed1ab_0
  - packaging=22.0=pyhd8ed1ab_0
  - pastel=0.2.1=pyhd8ed1ab_0
  - pathspec=0.10.3=pyhd8ed1ab_0
  - pbr=5.11.0=pyhd8ed1ab_0
  - pefile=2022.5.30=pyhd8ed1ab_0
  - pip=22.3.1=pyhd8ed1ab_0
  - pip-requirements-parser=32.0.1=pyhd8ed1ab_0
  - pkginfo=1.9.3=pyhd8ed1ab_0
  - platformdirs=2.6.2=pyhd8ed1ab_0
  - pluggy=1.0.0=pyhd8ed1ab_5
  - polling2=0.5.0=pyhd8ed1ab_0
  - pre-commit=2.21.0=py310h5588dad_0
  - pthreads-win32=2.9.1=hfa6e2cd_3
  - pycodestyle=2.10.0=pyhd8ed1ab_0
  - pycparser=2.21=pyhd8ed1ab_0
  - pydantic=1.10.4=py310h8d17308_0
  - pyfiglet=0.8.post1=py_0
  - pyflakes=3.0.1=pyhd8ed1ab_0
  - pygments=2.14.0=pyhd8ed1ab_0
  - pyinstaller=5.7.0=py310h35269f2_0
  - pyinstaller-hooks-contrib=2022.14=pyhd8ed1ab_0
  - pylev=1.4.0=pyhd8ed1ab_0
  - pyopenssl=23.0.0=pyhd8ed1ab_0
  - pyparsing=3.0.9=pyhd8ed1ab_0
  - pysocks=1.7.1=pyh0701188_6
  - pytest=7.2.0=pyhd8ed1ab_2
  - pytest-cov=4.0.0=pyhd8ed1ab_0
  - pytest-datadir=1.4.1=pyhd8ed1ab_0
  - pytest-regressions=2.4.1=pyhd8ed1ab_0
  - python=3.10.8=h4de0772_0_cpython
  - python-levenshtein=0.20.8=pyhd8ed1ab_0
  - python_abi=3.10=3_cp310
  - pytz=2022.7=pyhd8ed1ab_0
  - pywin32=304=py310h00ffb61_2
  - pywin32-ctypes=0.2.0=py310h5588dad_1006
  - pyyaml=6.0=py310h8d17308_5
  - rapidfuzz=2.13.7=py310h00ffb61_0
  - requests=2.28.1=pyhd8ed1ab_1
  - rich=10.16.2=pyhd8ed1ab_0
  - ruamel.yaml=0.17.21=py310h8d17308_2
  - ruamel.yaml.clib=0.2.7=py310h8d17308_1
  - setuptools=65.6.3=pyhd8ed1ab_0
  - six=1.16.0=pyh6c4a22f_0
  - smmap=3.0.5=pyh44b312d_0
  - snowballstemmer=2.2.0=pyhd8ed1ab_0
  - sortedcontainers=2.4.0=pyhd8ed1ab_0
  - sphinx-autodoc-typehints=1.20.1=pyhd8ed1ab_0
  - sphinx-click=4.4.0=pyhd8ed1ab_0
  - sphinx_rtd_theme=0.5.2=pyhd8ed1ab_0
  - sphinxcontrib-applehelp=1.0.2=py_0
  - sphinxcontrib-devhelp=1.0.2=py_0
  - sphinxcontrib-htmlhelp=2.0.0=pyhd8ed1ab_0
  - sphinxcontrib-jsmath=1.0.1=py_0
  - sphinxcontrib-qthelp=1.0.3=py_0
  - sphinxcontrib-serializinghtml=1.1.5=pyhd8ed1ab_2
  - stevedore=4.1.1=pyhd8ed1ab_0
  - tabulate=0.9.0=pyhd8ed1ab_1
  - tbb=2021.7.0=h91493d7_1
  - tinydb=4.7.0=pyhd8ed1ab_0
  - tk=8.6.12=h8ffe710_0
  - toml=0.10.2=pyhd8ed1ab_0
  - tomli=2.0.1=pyhd8ed1ab_0
  - tomlkit=0.11.6=pyha770c72_0
  - toolz=0.12.0=pyhd8ed1ab_0
  - types-pyyaml=5.4.12=pyhd8ed1ab_0
  - types-requests=2.28.11.7=pyhd8ed1ab_0
  - types-setuptools=65.6.0.2=pyhd8ed1ab_0
  - types-urllib3=1.26.25.4=pyhd8ed1ab_0
  - typing=3.10.0.0=pyhd8ed1ab_0
  - typing-extensions=4.4.0=hd8ed1ab_0
  - typing_extensions=4.4.0=pyha770c72_0
  - tzdata=2022g=h191b570_0
  - ucrt=10.0.22621.0=h57928b3_0
  - ukkonen=1.0.1=py310h232114e_3
  - urllib3=1.26.13=pyhd8ed1ab_0
  - validators=0.18.2=pyhd3deb0d_0
  - vc=14.3=h3d8a991_9
  - virtualenv=20.17.1=py310h5588dad_0
  - vs2015_runtime=14.32.31332=h1d6e394_9
  - webencodings=0.5.1=py_1
  - wheel=0.38.4=pyhd8ed1ab_0
  - win_inet_pton=1.1.0=pyhd8ed1ab_6
  - xz=5.2.6=h8d14728_0
  - yaml=0.2.5=h8ffe710_2
  - zipp=3.11.0=pyhd8ed1ab_0
  - pip:
      - boltons==21.0.0
      - bracex==2.3.post1
      - click-extra==3.7.0
      - click-log==0.4.0
      - click-shell==2.1
      - cloup==2.0.0.post1
      - commentjson==0.9.0
      - lark-parser==0.7.8
      - mergedeep==1.3.4
      - pallets-sphinx-themes==2.0.3
      - pygments-ansi-color==0.1.0
      - regex==2022.10.31
      - sphinx==5.3.0
      - wcmatch==8.4.1
      - wcwidth==0.2.5
      - xmltodict==0.13.0
prefix: C:\Users\oca\AppData\Local\miniconda3\envs\ocx
